
Microsoft Visual Studio Solution File, Format Version 12.00
# Visual Studio 2012
Project("{FAE04EC0-301F-11D3-BF4B-00C04F79EFBC}") = "KDTPSlocal", "KDTPSlocal\KDTPSlocal.csproj", "{067FDE4B-E440-4F16-B3F4-796A7484D2E8}"
EndProject
Global
	GlobalSection(SolutionConfigurationPlatforms) = preSolution
		Debug|Any CPU = Debug|Any CPU
		Release|Any CPU = Release|Any CPU
	EndGlobalSection
	GlobalSection(ProjectConfigurationPlatforms) = postSolution
		{067FDE4B-E440-4F16-B3F4-796A7484D2E8}.Debug|Any CPU.ActiveCfg = Debug|Any CPU
		{067FDE4B-E440-4F16-B3F4-796A7484D2E8}.Debug|Any CPU.Build.0 = Debug|Any CPU
		{067FDE4B-E440-4F16-B3F4-796A7484D2E8}.Debug|Any CPU.Deploy.0 = Debug|Any CPU
		{067FDE4B-E440-4F16-B3F4-796A7484D2E8}.Release|Any CPU.ActiveCfg = Release|Any CPU
		{067FDE4B-E440-4F16-B3F4-796A7484D2E8}.Release|Any CPU.Build.0 = Release|Any CPU
	EndGlobalSection
	GlobalSection(SolutionProperties) = preSolution
		HideSolutionNode = FALSE
	EndGlobalSection
EndGlobal
